
Microsoft Visual Studio Solution File, Format Version 12.00
# Visual Studio 14
VisualStudioVersion = 14.0.23107.0
MinimumVisualStudioVersion = 10.0.40219.1
Project("{FAE04EC0-301F-11D3-BF4B-00C04F79EFBC}") = "AP.VAST.Control.wf", "AP.VAST.Control.wf\AP.VAST.Control.wf.csproj", "{E532DAF9-E56B-4B21-978B-FE39F0364748}"
EndProject
Project("{FAE04EC0-301F-11D3-BF4B-00C04F79EFBC}") = "AP.Control.Tester", "AP.Control.Tester\AP.Control.Tester.csproj", "{9AE1FDD6-5477-482B-88A3-88B674E95137}"
EndProject
Global
	GlobalSection(SolutionConfigurationPlatforms) = preSolution
		Debug|Any CPU = Debug|Any CPU
		Release|Any CPU = Release|Any CPU
	EndGlobalSection
	GlobalSection(ProjectConfigurationPlatforms) = postSolution
		{E532DAF9-E56B-4B21-978B-FE39F0364748}.Debug|Any CPU.ActiveCfg = Debug|Any CPU
		{E532DAF9-E56B-4B21-978B-FE39F0364748}.Debug|Any CPU.Build.0 = Debug|Any CPU
		{E532DAF9-E56B-4B21-978B-FE39F0364748}.Release|Any CPU.ActiveCfg = Release|Any CPU
		{E532DAF9-E56B-4B21-978B-FE39F0364748}.Release|Any CPU.Build.0 = Release|Any CPU
		{9AE1FDD6-5477-482B-88A3-88B674E95137}.Debug|Any CPU.ActiveCfg = Debug|Any CPU
		{9AE1FDD6-5477-482B-88A3-88B674E95137}.Debug|Any CPU.Build.0 = Debug|Any CPU
		{9AE1FDD6-5477-482B-88A3-88B674E95137}.Release|Any CPU.ActiveCfg = Release|Any CPU
		{9AE1FDD6-5477-482B-88A3-88B674E95137}.Release|Any CPU.Build.0 = Release|Any CPU
	EndGlobalSection
	GlobalSection(SolutionProperties) = preSolution
		HideSolutionNode = FALSE
	EndGlobalSection
EndGlobal
